# THIS IS AN AUTOGENERATED FILE. DO NOT EDIT THIS FILE DIRECTLY.
# yarn lockfile v1


"@next/env@15.1.6":
  version "15.1.6"
  resolved "https://registry.yarnpkg.com/@next/env/-/env-15.1.6.tgz#a5b8e2e8b3e4d3c3c3c3c3c3c3c3c3c3c3c3c3c3"
  integrity sha512-example

react@^18.3.1:
  version "18.3.1"
  resolved "https://registry.yarnpkg.com/react/-/react-18.3.1.tgz#b2b2b2b2b2b2b2b2b2b2b2b2b2b2b2b2b2b2b2b2"
  integrity sha512-example

next@^15.1.6:
  version "15.1.6"
  resolved "https://registry.yarnpkg.com/next/-/next-15.1.6.tgz#c3c3c3c3c3c3c3c3c3c3c3c3c3c3c3c3c3c3c3c3"
  integrity sha512-example